{
  "name": "todo",
  "version": "0.0.0",
  "lockfileVersion": 3,
  "requires": true,
  "packages": {
    "": {
      "name": "todo",
      "version": "0.0.0",
      "devDependencies": {
        "eslint": "^8.54.0",
        "eslint-config-airbnb-base": "^15.0.0",
        "eslint-plugin-import": "^2.29.0",
        "vite": "^5.0.0"
      }
    }
  }
}